
Microsoft Visual Studio Solution File, Format Version 12.00
# Visual Studio Version 17
VisualStudioVersion = 17.1.32414.318
MinimumVisualStudioVersion = 10.0.40219.1
Project("{FAE04EC0-301F-11D3-BF4B-00C04F79EFBC}") = "try_github", "try_github\try_github.csproj", "{4FDF7A34-5084-4C15-92DA-63FB3419D48E}"
EndProject
Global
	GlobalSection(SolutionConfigurationPlatforms) = preSolution
		Debug|Any CPU = Debug|Any CPU
		Release|Any CPU = Release|Any CPU
	EndGlobalSection
	GlobalSection(ProjectConfigurationPlatforms) = postSolution
		{4FDF7A34-5084-4C15-92DA-63FB3419D48E}.Debug|Any CPU.ActiveCfg = Debug|Any CPU
		{4FDF7A34-5084-4C15-92DA-63FB3419D48E}.Debug|Any CPU.Build.0 = Debug|Any CPU
		{4FDF7A34-5084-4C15-92DA-63FB3419D48E}.Release|Any CPU.ActiveCfg = Release|Any CPU
		{4FDF7A34-5084-4C15-92DA-63FB3419D48E}.Release|Any CPU.Build.0 = Release|Any CPU
	EndGlobalSection
	GlobalSection(SolutionProperties) = preSolution
		HideSolutionNode = FALSE
	EndGlobalSection
	GlobalSection(ExtensibilityGlobals) = postSolution
		SolutionGuid = {25317D87-2644-4328-8652-BC1D2ED0EEF2}
	EndGlobalSection
EndGlobal
